
Microsoft Visual Studio Solution File, Format Version 12.00
# Visual Studio Version 17
VisualStudioVersion = 17.2.32630.192
MinimumVisualStudioVersion = 10.0.40219.1
Project("{FAE04EC0-301F-11D3-BF4B-00C04F79EFBC}") = "HeroGamble", "HeroGamble\HeroGamble.csproj", "{DB012CC9-04E0-4D48-BF87-9726D15E9867}"
EndProject
Global
	GlobalSection(SolutionConfigurationPlatforms) = preSolution
		Debug|Any CPU = Debug|Any CPU
		Release|Any CPU = Release|Any CPU
	EndGlobalSection
	GlobalSection(ProjectConfigurationPlatforms) = postSolution
		{DB012CC9-04E0-4D48-BF87-9726D15E9867}.Debug|Any CPU.ActiveCfg = Debug|Any CPU
		{DB012CC9-04E0-4D48-BF87-9726D15E9867}.Debug|Any CPU.Build.0 = Debug|Any CPU
		{DB012CC9-04E0-4D48-BF87-9726D15E9867}.Release|Any CPU.ActiveCfg = Release|Any CPU
		{DB012CC9-04E0-4D48-BF87-9726D15E9867}.Release|Any CPU.Build.0 = Release|Any CPU
	EndGlobalSection
	GlobalSection(SolutionProperties) = preSolution
		HideSolutionNode = FALSE
	EndGlobalSection
	GlobalSection(ExtensibilityGlobals) = postSolution
		SolutionGuid = {005063D5-1EE3-444B-B790-0056C0D2A84A}
	EndGlobalSection
EndGlobal
